
Microsoft Visual Studio Solution File, Format Version 12.00
# Visual Studio Version 16
VisualStudioVersion = 16.0.31205.134
MinimumVisualStudioVersion = 10.0.40219.1
Project("{FAE04EC0-301F-11D3-BF4B-00C04F79EFBC}") = "Appforgithub1", "Appforgithub1\Appforgithub1.csproj", "{004F6DFE-7A3E-40F3-8E3D-D974DB206A85}"
EndProject
Global
	GlobalSection(SolutionConfigurationPlatforms) = preSolution
		Debug|Any CPU = Debug|Any CPU
		Release|Any CPU = Release|Any CPU
	EndGlobalSection
	GlobalSection(ProjectConfigurationPlatforms) = postSolution
		{004F6DFE-7A3E-40F3-8E3D-D974DB206A85}.Debug|Any CPU.ActiveCfg = Debug|Any CPU
		{004F6DFE-7A3E-40F3-8E3D-D974DB206A85}.Debug|Any CPU.Build.0 = Debug|Any CPU
		{004F6DFE-7A3E-40F3-8E3D-D974DB206A85}.Release|Any CPU.ActiveCfg = Release|Any CPU
		{004F6DFE-7A3E-40F3-8E3D-D974DB206A85}.Release|Any CPU.Build.0 = Release|Any CPU
	EndGlobalSection
	GlobalSection(SolutionProperties) = preSolution
		HideSolutionNode = FALSE
	EndGlobalSection
	GlobalSection(ExtensibilityGlobals) = postSolution
		SolutionGuid = {B4C29F85-39C2-4100-A2CC-051ECA53CAA9}
	EndGlobalSection
EndGlobal
